{
  "version": 4,
  "terraform_version": "0.12.24",
  "serial": 2,
  "lineage": "187719ce-9feb-a16f-dab7-07090f617a55",
  "outputs": {},
  "resources": [
    {
      "mode": "managed",
      "type": "aws_vpc",
      "name": "glb_vpc",
      "provider": "provider.aws",
      "instances": [
        {
          "schema_version": 1,
          "attributes": {
            "arn": "arn:aws:ec2:ap-south-1:786784436254:vpc/vpc-00965e1b476cef69b",
            "assign_generated_ipv6_cidr_block": false,
            "cidr_block": "10.0.0.0/16",
            "default_network_acl_id": "acl-0d25248108b89e6ab",
            "default_route_table_id": "rtb-032a8fd32728015cf",
            "default_security_group_id": "sg-0c98c9467a885df76",
            "dhcp_options_id": "dopt-5e5caf35",
            "enable_classiclink": null,
            "enable_classiclink_dns_support": null,
            "enable_dns_hostnames": false,
            "enable_dns_support": true,
            "id": "vpc-00965e1b476cef69b",
            "instance_tenancy": "default",
            "ipv6_association_id": "",
            "ipv6_cidr_block": "",
            "main_route_table_id": "rtb-032a8fd32728015cf",
            "owner_id": "786784436254",
            "tags": {}
          },
          "private": "eyJzY2hlbWFfdmVyc2lvbiI6IjEifQ=="
        }
      ]
    }
  ]
}
